
Microsoft Visual Studio Solution File, Format Version 12.00
# Visual Studio Version 17
VisualStudioVersion = 17.14.37216.2 d17.14
MinimumVisualStudioVersion = 10.0.40219.1
Project("{FAE04EC0-301F-11D3-BF4B-00C04F79EFBC}") = "AdamVoiceWeb", "AdamVoiceWeb.csproj", "{D4C91B1C-58EE-9A2B-91CF-8F60953C90CC}"
EndProject
Global
	GlobalSection(SolutionConfigurationPlatforms) = preSolution
		Debug|Any CPU = Debug|Any CPU
		Release|Any CPU = Release|Any CPU
	EndGlobalSection
	GlobalSection(ProjectConfigurationPlatforms) = postSolution
		{D4C91B1C-58EE-9A2B-91CF-8F60953C90CC}.Debug|Any CPU.ActiveCfg = Debug|Any CPU
		{D4C91B1C-58EE-9A2B-91CF-8F60953C90CC}.Debug|Any CPU.Build.0 = Debug|Any CPU
		{D4C91B1C-58EE-9A2B-91CF-8F60953C90CC}.Release|Any CPU.ActiveCfg = Release|Any CPU
		{D4C91B1C-58EE-9A2B-91CF-8F60953C90CC}.Release|Any CPU.Build.0 = Release|Any CPU
	EndGlobalSection
	GlobalSection(SolutionProperties) = preSolution
		HideSolutionNode = FALSE
	EndGlobalSection
	GlobalSection(ExtensibilityGlobals) = postSolution
		SolutionGuid = {6D92686D-C567-4EC9-9D97-56C4EF4EA1F3}
	EndGlobalSection
EndGlobal
