Microsoft Visual Studio Solution File, Format Version 12.00
# Visual Studio Version 17
VisualStudioVersion = 17.0.31903.59
MinimumVisualStudioVersion = 10.0.40219.1
Project("{FAE04EC0-301F-11D3-BF4B-00C04F79EFBC}") = "TaiXiuThuongKF", "TaiXiuThuongKF\TaiXiuThuongKF.csproj", "{3AE8F698-9E01-462A-9CEA-03ABF4F524A2}"
EndProject
Project("{FAE04EC0-301F-11D3-BF4B-00C04F79EFBC}") = "TaiXiuLiveHit", "TaiXiuLiveHit\TaiXiuLiveHit.csproj", "{324D2884-9AC0-4743-9F01-2D8848A9D133}"
EndProject
Project("{FAE04EC0-301F-11D3-BF4B-00C04F79EFBC}") = "XocDiaSoiLiveKH24", "XocDiaSoiLiveKH24\XocDiaSoiLiveKH24.csproj", "{B2B68E5F-5D5B-4C32-9E2C-45F1E3B6A9D4}"
EndProject
Project("{FAE04EC0-301F-11D3-BF4B-00C04F79EFBC}") = "XocDiaLiveHit", "XocDiaLiveHit\XocDiaLiveHit.csproj", "{CE3267C7-ABFE-4AAC-A08A-6300028619F9}"
EndProject
Project("{FAE04EC0-301F-11D3-BF4B-00C04F79EFBC}") = "AutoBetHub", "AutoBetHub\AutoBetHub.csproj", "{71643416-943F-4DD8-BF96-98B36AF68A7C}"
EndProject
Project("{FAE04EC0-301F-11D3-BF4B-00C04F79EFBC}") = "ABX.Core", "ABX.Core\ABX.Core.csproj", "{8C287CED-8934-49B7-BEB2-B7C13E8D8C72}"
EndProject
Global
	GlobalSection(SolutionConfigurationPlatforms) = preSolution
		Debug|Any CPU = Debug|Any CPU
		Release|Any CPU = Release|Any CPU
	EndGlobalSection
	GlobalSection(ProjectConfigurationPlatforms) = postSolution
		{3AE8F698-9E01-462A-9CEA-03ABF4F524A2}.Debug|Any CPU.ActiveCfg = Debug|Any CPU
		{3AE8F698-9E01-462A-9CEA-03ABF4F524A2}.Debug|Any CPU.Build.0 = Debug|Any CPU
		{3AE8F698-9E01-462A-9CEA-03ABF4F524A2}.Release|Any CPU.ActiveCfg = Release|Any CPU
		{3AE8F698-9E01-462A-9CEA-03ABF4F524A2}.Release|Any CPU.Build.0 = Release|Any CPU
		{324D2884-9AC0-4743-9F01-2D8848A9D133}.Debug|Any CPU.ActiveCfg = Debug|Any CPU
		{324D2884-9AC0-4743-9F01-2D8848A9D133}.Debug|Any CPU.Build.0 = Debug|Any CPU
		{324D2884-9AC0-4743-9F01-2D8848A9D133}.Release|Any CPU.ActiveCfg = Release|Any CPU
		{324D2884-9AC0-4743-9F01-2D8848A9D133}.Release|Any CPU.Build.0 = Release|Any CPU
		{B2B68E5F-5D5B-4C32-9E2C-45F1E3B6A9D4}.Debug|Any CPU.ActiveCfg = Debug|Any CPU
		{B2B68E5F-5D5B-4C32-9E2C-45F1E3B6A9D4}.Debug|Any CPU.Build.0 = Debug|Any CPU
		{B2B68E5F-5D5B-4C32-9E2C-45F1E3B6A9D4}.Release|Any CPU.ActiveCfg = Release|Any CPU
		{B2B68E5F-5D5B-4C32-9E2C-45F1E3B6A9D4}.Release|Any CPU.Build.0 = Release|Any CPU
		{CE3267C7-ABFE-4AAC-A08A-6300028619F9}.Debug|Any CPU.ActiveCfg = Debug|Any CPU
		{CE3267C7-ABFE-4AAC-A08A-6300028619F9}.Debug|Any CPU.Build.0 = Debug|Any CPU
		{CE3267C7-ABFE-4AAC-A08A-6300028619F9}.Release|Any CPU.ActiveCfg = Release|Any CPU
		{CE3267C7-ABFE-4AAC-A08A-6300028619F9}.Release|Any CPU.Build.0 = Release|Any CPU
		{71643416-943F-4DD8-BF96-98B36AF68A7C}.Debug|Any CPU.ActiveCfg = Debug|Any CPU
		{71643416-943F-4DD8-BF96-98B36AF68A7C}.Debug|Any CPU.Build.0 = Debug|Any CPU
		{71643416-943F-4DD8-BF96-98B36AF68A7C}.Release|Any CPU.ActiveCfg = Release|Any CPU
		{71643416-943F-4DD8-BF96-98B36AF68A7C}.Release|Any CPU.Build.0 = Release|Any CPU
		{8C287CED-8934-49B7-BEB2-B7C13E8D8C72}.Debug|Any CPU.ActiveCfg = Debug|Any CPU
		{8C287CED-8934-49B7-BEB2-B7C13E8D8C72}.Debug|Any CPU.Build.0 = Debug|Any CPU
		{8C287CED-8934-49B7-BEB2-B7C13E8D8C72}.Release|Any CPU.ActiveCfg = Release|Any CPU
		{8C287CED-8934-49B7-BEB2-B7C13E8D8C72}.Release|Any CPU.Build.0 = Release|Any CPU
	EndGlobalSection
	GlobalSection(SolutionProperties) = preSolution
		HideSolutionNode = FALSE
	EndGlobalSection
EndGlobal
