Microsoft Visual Studio Solution File, Format Version 12.00
# Visual Studio Version 17
VisualStudioVersion = 17.0.31903.59
MinimumVisualStudioVersion = 10.0.40219.1
Project("{FAE04EC0-301F-11D3-BF4B-00C04F79EFBC}") = "BaccaratViVoGaming", "BaccaratViVoGaming\BaccaratViVoGaming.csproj", "{324D2884-9AC0-4743-9F01-2D8848A9D133}"
EndProject
Project("{FAE04EC0-301F-11D3-BF4B-00C04F79EFBC}") = "TaiXiuLiveSun", "TaiXiuLiveSun\TaiXiuLiveSun.csproj", "{F93AF1DA-4990-4FD6-9888-3263BE8EE729}"
EndProject
Project("{FAE04EC0-301F-11D3-BF4B-00C04F79EFBC}") = "AviatorHit", "AviatorHit\AviatorHit.csproj", "{C7341CE8-10F0-49FA-AEA2-00B024AFF432}"
EndProject
Project("{FAE04EC0-301F-11D3-BF4B-00C04F79EFBC}") = "BaccaratWM", "BaccaratWM\BaccaratWM.csproj", "{0E35714C-339C-4329-B65E-C6BEC9BDAE32}"
EndProject
Project("{FAE04EC0-301F-11D3-BF4B-00C04F79EFBC}") = "BaccaratSexyCasino", "BaccaratSexyCasino\BaccaratSexyCasino.csproj", "{2BD2ABF1-B3CD-430E-A141-F37FA08C6961}"
EndProject
Project("{FAE04EC0-301F-11D3-BF4B-00C04F79EFBC}") = "XocDiaB29", "XocDiaB29\XocDiaB29.csproj", "{92FE0479-6AA8-4809-9235-11D16B8CABE4}"
EndProject
Project("{FAE04EC0-301F-11D3-BF4B-00C04F79EFBC}") = "TaiXiuB29", "TaiXiuB29\TaiXiuB29.csproj", "{99F0F9D2-4A8C-4A02-89D5-127F23D14424}"
EndProject
Project("{FAE04EC0-301F-11D3-BF4B-00C04F79EFBC}") = "TaiXiuThuongZoWin", "TaiXiuThuongZoWin\TaiXiuThuongZoWin.csproj", "{4B20CEF9-1B53-4250-BF29-A6DDA0E39225}"
EndProject
Project("{FAE04EC0-301F-11D3-BF4B-00C04F79EFBC}") = "XocDiaTuLinhZoWin", "XocDiaTuLinhZoWin\XocDiaTuLinhZoWin.csproj", "{A09C5C23-AA99-4E74-B85C-5E3E0C69C227}"
EndProject
Project("{FAE04EC0-301F-11D3-BF4B-00C04F79EFBC}") = "BaccaratPPRR88", "BaccaratPPRR88\BaccaratPPRR88.csproj", "{3AE8F698-9E01-462A-9CEA-03ABF4F524A2}"
EndProject
Project("{FAE04EC0-301F-11D3-BF4B-00C04F79EFBC}") = "TaiXiuLiveHit", "TaiXiuLiveHit\TaiXiuLiveHit.csproj", "{17EA496F-1303-4826-B1B0-EBB12568391F}"
EndProject
Project("{FAE04EC0-301F-11D3-BF4B-00C04F79EFBC}") = "XocDiaSoiLiveKH24", "XocDiaSoiLiveKH24\XocDiaSoiLiveKH24.csproj", "{B2B68E5F-5D5B-4C32-9E2C-45F1E3B6A9D4}"
EndProject
Project("{FAE04EC0-301F-11D3-BF4B-00C04F79EFBC}") = "XocDiaLiveHit", "XocDiaLiveHit\XocDiaLiveHit.csproj", "{CE3267C7-ABFE-4AAC-A08A-6300028619F9}"
EndProject
Project("{FAE04EC0-301F-11D3-BF4B-00C04F79EFBC}") = "AutoBetHub", "AutoBetHub\AutoBetHub.csproj", "{71643416-943F-4DD8-BF96-98B36AF68A7C}"
EndProject
Project("{FAE04EC0-301F-11D3-BF4B-00C04F79EFBC}") = "ABX.Core", "ABX.Core\ABX.Core.csproj", "{8C287CED-8934-49B7-BEB2-B7C13E8D8C72}"
EndProject
Global
	GlobalSection(SolutionConfigurationPlatforms) = preSolution
		Debug|Any CPU = Debug|Any CPU
		Release|Any CPU = Release|Any CPU
	EndGlobalSection
	GlobalSection(ProjectConfigurationPlatforms) = postSolution
		{324D2884-9AC0-4743-9F01-2D8848A9D133}.Debug|Any CPU.ActiveCfg = Debug|Any CPU
		{324D2884-9AC0-4743-9F01-2D8848A9D133}.Debug|Any CPU.Build.0 = Debug|Any CPU
		{324D2884-9AC0-4743-9F01-2D8848A9D133}.Release|Any CPU.ActiveCfg = Release|Any CPU
		{324D2884-9AC0-4743-9F01-2D8848A9D133}.Release|Any CPU.Build.0 = Release|Any CPU
		{F93AF1DA-4990-4FD6-9888-3263BE8EE729}.Debug|Any CPU.ActiveCfg = Debug|Any CPU
		{F93AF1DA-4990-4FD6-9888-3263BE8EE729}.Debug|Any CPU.Build.0 = Debug|Any CPU
		{F93AF1DA-4990-4FD6-9888-3263BE8EE729}.Release|Any CPU.ActiveCfg = Release|Any CPU
		{F93AF1DA-4990-4FD6-9888-3263BE8EE729}.Release|Any CPU.Build.0 = Release|Any CPU
		{C7341CE8-10F0-49FA-AEA2-00B024AFF432}.Debug|Any CPU.ActiveCfg = Debug|Any CPU
		{C7341CE8-10F0-49FA-AEA2-00B024AFF432}.Debug|Any CPU.Build.0 = Debug|Any CPU
		{C7341CE8-10F0-49FA-AEA2-00B024AFF432}.Release|Any CPU.ActiveCfg = Release|Any CPU
		{C7341CE8-10F0-49FA-AEA2-00B024AFF432}.Release|Any CPU.Build.0 = Release|Any CPU
		{0E35714C-339C-4329-B65E-C6BEC9BDAE32}.Debug|Any CPU.ActiveCfg = Debug|Any CPU
		{0E35714C-339C-4329-B65E-C6BEC9BDAE32}.Debug|Any CPU.Build.0 = Debug|Any CPU
		{0E35714C-339C-4329-B65E-C6BEC9BDAE32}.Release|Any CPU.ActiveCfg = Release|Any CPU
		{0E35714C-339C-4329-B65E-C6BEC9BDAE32}.Release|Any CPU.Build.0 = Release|Any CPU
		{2BD2ABF1-B3CD-430E-A141-F37FA08C6961}.Debug|Any CPU.ActiveCfg = Debug|Any CPU
		{2BD2ABF1-B3CD-430E-A141-F37FA08C6961}.Debug|Any CPU.Build.0 = Debug|Any CPU
		{2BD2ABF1-B3CD-430E-A141-F37FA08C6961}.Release|Any CPU.ActiveCfg = Release|Any CPU
		{2BD2ABF1-B3CD-430E-A141-F37FA08C6961}.Release|Any CPU.Build.0 = Release|Any CPU
		{92FE0479-6AA8-4809-9235-11D16B8CABE4}.Debug|Any CPU.ActiveCfg = Debug|Any CPU
		{92FE0479-6AA8-4809-9235-11D16B8CABE4}.Debug|Any CPU.Build.0 = Debug|Any CPU
		{92FE0479-6AA8-4809-9235-11D16B8CABE4}.Release|Any CPU.ActiveCfg = Release|Any CPU
		{92FE0479-6AA8-4809-9235-11D16B8CABE4}.Release|Any CPU.Build.0 = Release|Any CPU
		{99F0F9D2-4A8C-4A02-89D5-127F23D14424}.Debug|Any CPU.ActiveCfg = Debug|Any CPU
		{99F0F9D2-4A8C-4A02-89D5-127F23D14424}.Debug|Any CPU.Build.0 = Debug|Any CPU
		{99F0F9D2-4A8C-4A02-89D5-127F23D14424}.Release|Any CPU.ActiveCfg = Release|Any CPU
		{99F0F9D2-4A8C-4A02-89D5-127F23D14424}.Release|Any CPU.Build.0 = Release|Any CPU
		{4B20CEF9-1B53-4250-BF29-A6DDA0E39225}.Debug|Any CPU.ActiveCfg = Debug|Any CPU
		{4B20CEF9-1B53-4250-BF29-A6DDA0E39225}.Debug|Any CPU.Build.0 = Debug|Any CPU
		{4B20CEF9-1B53-4250-BF29-A6DDA0E39225}.Release|Any CPU.ActiveCfg = Release|Any CPU
		{4B20CEF9-1B53-4250-BF29-A6DDA0E39225}.Release|Any CPU.Build.0 = Release|Any CPU
		{A09C5C23-AA99-4E74-B85C-5E3E0C69C227}.Debug|Any CPU.ActiveCfg = Debug|Any CPU
		{A09C5C23-AA99-4E74-B85C-5E3E0C69C227}.Debug|Any CPU.Build.0 = Debug|Any CPU
		{A09C5C23-AA99-4E74-B85C-5E3E0C69C227}.Release|Any CPU.ActiveCfg = Release|Any CPU
		{A09C5C23-AA99-4E74-B85C-5E3E0C69C227}.Release|Any CPU.Build.0 = Release|Any CPU
		{3AE8F698-9E01-462A-9CEA-03ABF4F524A2}.Debug|Any CPU.ActiveCfg = Debug|Any CPU
		{3AE8F698-9E01-462A-9CEA-03ABF4F524A2}.Debug|Any CPU.Build.0 = Debug|Any CPU
		{3AE8F698-9E01-462A-9CEA-03ABF4F524A2}.Release|Any CPU.ActiveCfg = Release|Any CPU
		{3AE8F698-9E01-462A-9CEA-03ABF4F524A2}.Release|Any CPU.Build.0 = Release|Any CPU
		{17EA496F-1303-4826-B1B0-EBB12568391F}.Debug|Any CPU.ActiveCfg = Debug|Any CPU
		{17EA496F-1303-4826-B1B0-EBB12568391F}.Debug|Any CPU.Build.0 = Debug|Any CPU
		{17EA496F-1303-4826-B1B0-EBB12568391F}.Release|Any CPU.ActiveCfg = Release|Any CPU
		{17EA496F-1303-4826-B1B0-EBB12568391F}.Release|Any CPU.Build.0 = Release|Any CPU
		{B2B68E5F-5D5B-4C32-9E2C-45F1E3B6A9D4}.Debug|Any CPU.ActiveCfg = Debug|Any CPU
		{B2B68E5F-5D5B-4C32-9E2C-45F1E3B6A9D4}.Debug|Any CPU.Build.0 = Debug|Any CPU
		{B2B68E5F-5D5B-4C32-9E2C-45F1E3B6A9D4}.Release|Any CPU.ActiveCfg = Release|Any CPU
		{B2B68E5F-5D5B-4C32-9E2C-45F1E3B6A9D4}.Release|Any CPU.Build.0 = Release|Any CPU
		{CE3267C7-ABFE-4AAC-A08A-6300028619F9}.Debug|Any CPU.ActiveCfg = Debug|Any CPU
		{CE3267C7-ABFE-4AAC-A08A-6300028619F9}.Debug|Any CPU.Build.0 = Debug|Any CPU
		{CE3267C7-ABFE-4AAC-A08A-6300028619F9}.Release|Any CPU.ActiveCfg = Release|Any CPU
		{CE3267C7-ABFE-4AAC-A08A-6300028619F9}.Release|Any CPU.Build.0 = Release|Any CPU
		{71643416-943F-4DD8-BF96-98B36AF68A7C}.Debug|Any CPU.ActiveCfg = Debug|Any CPU
		{71643416-943F-4DD8-BF96-98B36AF68A7C}.Debug|Any CPU.Build.0 = Debug|Any CPU
		{71643416-943F-4DD8-BF96-98B36AF68A7C}.Release|Any CPU.ActiveCfg = Release|Any CPU
		{71643416-943F-4DD8-BF96-98B36AF68A7C}.Release|Any CPU.Build.0 = Release|Any CPU
		{8C287CED-8934-49B7-BEB2-B7C13E8D8C72}.Debug|Any CPU.ActiveCfg = Debug|Any CPU
		{8C287CED-8934-49B7-BEB2-B7C13E8D8C72}.Debug|Any CPU.Build.0 = Debug|Any CPU
		{8C287CED-8934-49B7-BEB2-B7C13E8D8C72}.Release|Any CPU.ActiveCfg = Release|Any CPU
		{8C287CED-8934-49B7-BEB2-B7C13E8D8C72}.Release|Any CPU.Build.0 = Release|Any CPU
	EndGlobalSection
	GlobalSection(SolutionProperties) = preSolution
		HideSolutionNode = FALSE
	EndGlobalSection
	GlobalSection(ExtensibilityGlobals) = postSolution
		SolutionGuid = {1F8A07EF-CB84-4149-A00E-DF66B0144EB3}
	EndGlobalSection
EndGlobal
